
Microsoft Visual Studio Solution File, Format Version 12.00
# Visual Studio 15
VisualStudioVersion = 15.0.26124.0
MinimumVisualStudioVersion = 15.0.26124.0
Project("{FAE04EC0-301F-11D3-BF4B-00C04F79EFBC}") = "Domain", "Domain\Domain.csproj", "{266A99A6-978D-4F3D-99D1-3FF019EB7D63}"
EndProject
Project("{FAE04EC0-301F-11D3-BF4B-00C04F79EFBC}") = "Application", "Application\Application.csproj", "{5EB251EB-D315-4127-9551-436B33F297AC}"
EndProject
Project("{FAE04EC0-301F-11D3-BF4B-00C04F79EFBC}") = "Persistence", "Persistence\Persistence.csproj", "{36EDF568-4A2D-4EC0-9901-A9A3E153A3B3}"
EndProject
Project("{FAE04EC0-301F-11D3-BF4B-00C04F79EFBC}") = "API", "API\API.csproj", "{AD43FB54-A6D1-424C-AD80-2FD1411738C2}"
EndProject
Global
	GlobalSection(SolutionConfigurationPlatforms) = preSolution
		Debug|Any CPU = Debug|Any CPU
		Debug|x64 = Debug|x64
		Debug|x86 = Debug|x86
		Release|Any CPU = Release|Any CPU
		Release|x64 = Release|x64
		Release|x86 = Release|x86
	EndGlobalSection
	GlobalSection(SolutionProperties) = preSolution
		HideSolutionNode = FALSE
	EndGlobalSection
	GlobalSection(ProjectConfigurationPlatforms) = postSolution
		{266A99A6-978D-4F3D-99D1-3FF019EB7D63}.Debug|Any CPU.ActiveCfg = Debug|Any CPU
		{266A99A6-978D-4F3D-99D1-3FF019EB7D63}.Debug|Any CPU.Build.0 = Debug|Any CPU
		{266A99A6-978D-4F3D-99D1-3FF019EB7D63}.Debug|x64.ActiveCfg = Debug|Any CPU
		{266A99A6-978D-4F3D-99D1-3FF019EB7D63}.Debug|x64.Build.0 = Debug|Any CPU
		{266A99A6-978D-4F3D-99D1-3FF019EB7D63}.Debug|x86.ActiveCfg = Debug|Any CPU
		{266A99A6-978D-4F3D-99D1-3FF019EB7D63}.Debug|x86.Build.0 = Debug|Any CPU
		{266A99A6-978D-4F3D-99D1-3FF019EB7D63}.Release|Any CPU.ActiveCfg = Release|Any CPU
		{266A99A6-978D-4F3D-99D1-3FF019EB7D63}.Release|Any CPU.Build.0 = Release|Any CPU
		{266A99A6-978D-4F3D-99D1-3FF019EB7D63}.Release|x64.ActiveCfg = Release|Any CPU
		{266A99A6-978D-4F3D-99D1-3FF019EB7D63}.Release|x64.Build.0 = Release|Any CPU
		{266A99A6-978D-4F3D-99D1-3FF019EB7D63}.Release|x86.ActiveCfg = Release|Any CPU
		{266A99A6-978D-4F3D-99D1-3FF019EB7D63}.Release|x86.Build.0 = Release|Any CPU
		{5EB251EB-D315-4127-9551-436B33F297AC}.Debug|Any CPU.ActiveCfg = Debug|Any CPU
		{5EB251EB-D315-4127-9551-436B33F297AC}.Debug|Any CPU.Build.0 = Debug|Any CPU
		{5EB251EB-D315-4127-9551-436B33F297AC}.Debug|x64.ActiveCfg = Debug|Any CPU
		{5EB251EB-D315-4127-9551-436B33F297AC}.Debug|x64.Build.0 = Debug|Any CPU
		{5EB251EB-D315-4127-9551-436B33F297AC}.Debug|x86.ActiveCfg = Debug|Any CPU
		{5EB251EB-D315-4127-9551-436B33F297AC}.Debug|x86.Build.0 = Debug|Any CPU
		{5EB251EB-D315-4127-9551-436B33F297AC}.Release|Any CPU.ActiveCfg = Release|Any CPU
		{5EB251EB-D315-4127-9551-436B33F297AC}.Release|Any CPU.Build.0 = Release|Any CPU
		{5EB251EB-D315-4127-9551-436B33F297AC}.Release|x64.ActiveCfg = Release|Any CPU
		{5EB251EB-D315-4127-9551-436B33F297AC}.Release|x64.Build.0 = Release|Any CPU
		{5EB251EB-D315-4127-9551-436B33F297AC}.Release|x86.ActiveCfg = Release|Any CPU
		{5EB251EB-D315-4127-9551-436B33F297AC}.Release|x86.Build.0 = Release|Any CPU
		{36EDF568-4A2D-4EC0-9901-A9A3E153A3B3}.Debug|Any CPU.ActiveCfg = Debug|Any CPU
		{36EDF568-4A2D-4EC0-9901-A9A3E153A3B3}.Debug|Any CPU.Build.0 = Debug|Any CPU
		{36EDF568-4A2D-4EC0-9901-A9A3E153A3B3}.Debug|x64.ActiveCfg = Debug|Any CPU
		{36EDF568-4A2D-4EC0-9901-A9A3E153A3B3}.Debug|x64.Build.0 = Debug|Any CPU
		{36EDF568-4A2D-4EC0-9901-A9A3E153A3B3}.Debug|x86.ActiveCfg = Debug|Any CPU
		{36EDF568-4A2D-4EC0-9901-A9A3E153A3B3}.Debug|x86.Build.0 = Debug|Any CPU
		{36EDF568-4A2D-4EC0-9901-A9A3E153A3B3}.Release|Any CPU.ActiveCfg = Release|Any CPU
		{36EDF568-4A2D-4EC0-9901-A9A3E153A3B3}.Release|Any CPU.Build.0 = Release|Any CPU
		{36EDF568-4A2D-4EC0-9901-A9A3E153A3B3}.Release|x64.ActiveCfg = Release|Any CPU
		{36EDF568-4A2D-4EC0-9901-A9A3E153A3B3}.Release|x64.Build.0 = Release|Any CPU
		{36EDF568-4A2D-4EC0-9901-A9A3E153A3B3}.Release|x86.ActiveCfg = Release|Any CPU
		{36EDF568-4A2D-4EC0-9901-A9A3E153A3B3}.Release|x86.Build.0 = Release|Any CPU
		{AD43FB54-A6D1-424C-AD80-2FD1411738C2}.Debug|Any CPU.ActiveCfg = Debug|Any CPU
		{AD43FB54-A6D1-424C-AD80-2FD1411738C2}.Debug|Any CPU.Build.0 = Debug|Any CPU
		{AD43FB54-A6D1-424C-AD80-2FD1411738C2}.Debug|x64.ActiveCfg = Debug|Any CPU
		{AD43FB54-A6D1-424C-AD80-2FD1411738C2}.Debug|x64.Build.0 = Debug|Any CPU
		{AD43FB54-A6D1-424C-AD80-2FD1411738C2}.Debug|x86.ActiveCfg = Debug|Any CPU
		{AD43FB54-A6D1-424C-AD80-2FD1411738C2}.Debug|x86.Build.0 = Debug|Any CPU
		{AD43FB54-A6D1-424C-AD80-2FD1411738C2}.Release|Any CPU.ActiveCfg = Release|Any CPU
		{AD43FB54-A6D1-424C-AD80-2FD1411738C2}.Release|Any CPU.Build.0 = Release|Any CPU
		{AD43FB54-A6D1-424C-AD80-2FD1411738C2}.Release|x64.ActiveCfg = Release|Any CPU
		{AD43FB54-A6D1-424C-AD80-2FD1411738C2}.Release|x64.Build.0 = Release|Any CPU
		{AD43FB54-A6D1-424C-AD80-2FD1411738C2}.Release|x86.ActiveCfg = Release|Any CPU
		{AD43FB54-A6D1-424C-AD80-2FD1411738C2}.Release|x86.Build.0 = Release|Any CPU
	EndGlobalSection
EndGlobal
